
Microsoft Visual Studio Solution File, Format Version 12.00
# Visual Studio 15
VisualStudioVersion = 15.0.28307.136
MinimumVisualStudioVersion = 10.0.40219.1
Project("{FAE04EC0-301F-11D3-BF4B-00C04F79EFBC}") = "MicroIL", "MicroIL\MicroIL.csproj", "{C6D33A80-19FC-4E4B-AEA9-BF932897D8E4}"
EndProject
Global
	GlobalSection(SolutionConfigurationPlatforms) = preSolution
		Debug|Any CPU = Debug|Any CPU
		Release|Any CPU = Release|Any CPU
	EndGlobalSection
	GlobalSection(ProjectConfigurationPlatforms) = postSolution
		{C6D33A80-19FC-4E4B-AEA9-BF932897D8E4}.Debug|Any CPU.ActiveCfg = Debug|Any CPU
		{C6D33A80-19FC-4E4B-AEA9-BF932897D8E4}.Debug|Any CPU.Build.0 = Debug|Any CPU
		{C6D33A80-19FC-4E4B-AEA9-BF932897D8E4}.Release|Any CPU.ActiveCfg = Release|Any CPU
		{C6D33A80-19FC-4E4B-AEA9-BF932897D8E4}.Release|Any CPU.Build.0 = Release|Any CPU
	EndGlobalSection
	GlobalSection(SolutionProperties) = preSolution
		HideSolutionNode = FALSE
	EndGlobalSection
	GlobalSection(ExtensibilityGlobals) = postSolution
		SolutionGuid = {2C6236C8-438D-4C13-9086-1F9E70D1287B}
	EndGlobalSection
EndGlobal
